{
  "name": "@slonoed/homebridge-synology-surveillance-homemode",
  "version": "1.0.0",
  "lockfileVersion": 3,
  "requires": true,
  "packages": {
    "": {
      "name": "@slonoed/homebridge-synology-surveillance-homemode",
      "version": "1.0.0",
      "license": "The Unlicense",
      "engines": {
        "homebridge": ">=0.2.0",
        "node": ">=18.0.0"
      }
    }
  }
}
